version = 1
requires-python = ">=3.13"

[[package]]
name = "instacart-kaggle"
version = "0.1.0"
source = { virtual = "." }
dependencies = [
    { name = "polars" },
]

[package.metadata]
requires-dist = [{ name = "polars", specifier = ">=1.11.0" }]

[[package]]
name = "polars"
version = "1.11.0"
source = { registry = "https://pypi.org/simple" }
sdist = { url = "https://files.pythonhosted.org/packages/42/88/4b06b7636f80575b9286781d12e263514a21108ba00e0f8b209478fa2a04/polars-1.11.0.tar.gz", hash = "sha256:4fbdd772b5f4538eb9f5ae4f3256290dba1f6c6b9d5226aed918801ed51089f4", size = 4076185 }
wheels = [
    { url = "https://files.pythonhosted.org/packages/74/fa/185cf232322e6e1b0b07ef92914853f60b067b16bfae5e9f4ebfc752a3d2/polars-1.11.0-cp39-abi3-macosx_10_12_x86_64.whl", hash = "sha256:d20152fc29b83ffa4ca7d92b056866b1755dda346a3841106d9b361ccc96d94b", size = 32847858 },
    { url = "https://files.pythonhosted.org/packages/9c/dc/fda904586956236da0e26da51ed4f09487aa42f51634b8df6477f08ee7d5/polars-1.11.0-cp39-abi3-macosx_11_0_arm64.whl", hash = "sha256:fd48e8f607ae42f49abf4491e67fb1ad7d85157cb0a45a164fc4d1760d67e8ef", size = 28813631 },
    { url = "https://files.pythonhosted.org/packages/94/25/7eaafa7320e5bdb88f7f793a08ab0a877309eef1a4537351e362cbd1dcba/polars-1.11.0-cp39-abi3-manylinux_2_17_x86_64.manylinux2014_x86_64.whl", hash = "sha256:1293f826e5469626d2a4da5e66afb0b46c6f8cb43d16e301d99aa5b911518c34", size = 34046798 },
    { url = "https://files.pythonhosted.org/packages/47/03/374d9c4e6176ba4af5aa95ff002f3b5e41aff86da6037332b5107b74b5df/polars-1.11.0-cp39-abi3-manylinux_2_24_aarch64.whl", hash = "sha256:0c41c79fc7e2159a0d8fb69a3d0d26c402846d10fe6ff772b2591766e39dfac4", size = 30410176 },
    { url = "https://files.pythonhosted.org/packages/28/6b/0420d9a29e303b43be581ec70025329d84bd536ccef1a7907c81b8e352f6/polars-1.11.0-cp39-abi3-win_amd64.whl", hash = "sha256:a361d50ab5b0a6387bfe07a8a755bad7e61ba3d03381e4d1e343f49f6f0eb893", size = 33713325 },
]
